
Microsoft Visual Studio Solution File, Format Version 12.00
# Visual Studio Version 16
VisualStudioVersion = 16.0.30413.136
MinimumVisualStudioVersion = 10.0.40219.1
Project("{FAE04EC0-301F-11D3-BF4B-00C04F79EFBC}") = "MamSH.AlArishUniversityTest.Clint.Server", "MamSH.AlArishUniversityTest.Clint\Server\MamSH.AlArishUniversityTest.Clint.Server.csproj", "{8F76A7BB-7BEF-4450-A9CB-6DB568A56EB1}"
EndProject
Project("{FAE04EC0-301F-11D3-BF4B-00C04F79EFBC}") = "MamSH.AlArishUniversityTest.Clint.Client", "MamSH.AlArishUniversityTest.Clint\Client\MamSH.AlArishUniversityTest.Clint.Client.csproj", "{68E5E688-02C7-4C3A-AE04-4E7B1348164F}"
EndProject
Project("{FAE04EC0-301F-11D3-BF4B-00C04F79EFBC}") = "MamSH.AlArishUniversityTest.Clint.Shared", "MamSH.AlArishUniversityTest.Clint\Shared\MamSH.AlArishUniversityTest.Clint.Shared.csproj", "{212846CB-3AE5-4DE8-8138-4BE6FDA71D2F}"
EndProject
Global
	GlobalSection(SolutionConfigurationPlatforms) = preSolution
		Debug|Any CPU = Debug|Any CPU
		Release|Any CPU = Release|Any CPU
	EndGlobalSection
	GlobalSection(ProjectConfigurationPlatforms) = postSolution
		{8F76A7BB-7BEF-4450-A9CB-6DB568A56EB1}.Debug|Any CPU.ActiveCfg = Debug|Any CPU
		{8F76A7BB-7BEF-4450-A9CB-6DB568A56EB1}.Debug|Any CPU.Build.0 = Debug|Any CPU
		{8F76A7BB-7BEF-4450-A9CB-6DB568A56EB1}.Release|Any CPU.ActiveCfg = Release|Any CPU
		{8F76A7BB-7BEF-4450-A9CB-6DB568A56EB1}.Release|Any CPU.Build.0 = Release|Any CPU
		{68E5E688-02C7-4C3A-AE04-4E7B1348164F}.Debug|Any CPU.ActiveCfg = Debug|Any CPU
		{68E5E688-02C7-4C3A-AE04-4E7B1348164F}.Debug|Any CPU.Build.0 = Debug|Any CPU
		{68E5E688-02C7-4C3A-AE04-4E7B1348164F}.Release|Any CPU.ActiveCfg = Release|Any CPU
		{68E5E688-02C7-4C3A-AE04-4E7B1348164F}.Release|Any CPU.Build.0 = Release|Any CPU
		{212846CB-3AE5-4DE8-8138-4BE6FDA71D2F}.Debug|Any CPU.ActiveCfg = Debug|Any CPU
		{212846CB-3AE5-4DE8-8138-4BE6FDA71D2F}.Debug|Any CPU.Build.0 = Debug|Any CPU
		{212846CB-3AE5-4DE8-8138-4BE6FDA71D2F}.Release|Any CPU.ActiveCfg = Release|Any CPU
		{212846CB-3AE5-4DE8-8138-4BE6FDA71D2F}.Release|Any CPU.Build.0 = Release|Any CPU
	EndGlobalSection
	GlobalSection(SolutionProperties) = preSolution
		HideSolutionNode = FALSE
	EndGlobalSection
	GlobalSection(ExtensibilityGlobals) = postSolution
		SolutionGuid = {82A9A5CD-158B-41CE-A526-84FB2F7F8C4F}
	EndGlobalSection
EndGlobal
